
Microsoft Visual Studio Solution File, Format Version 12.00
# Visual Studio Version 17
VisualStudioVersion = 17.7.34031.279
MinimumVisualStudioVersion = 10.0.40219.1
Project("{FAE04EC0-301F-11D3-BF4B-00C04F79EFBC}") = "SalesWebMvc", "SalesWebMvc\SalesWebMvc.csproj", "{EEB37408-A7B3-4A03-9DFC-8849BC80CF89}"
EndProject
Global
	GlobalSection(SolutionConfigurationPlatforms) = preSolution
		Debug|Any CPU = Debug|Any CPU
		Release|Any CPU = Release|Any CPU
	EndGlobalSection
	GlobalSection(ProjectConfigurationPlatforms) = postSolution
		{EEB37408-A7B3-4A03-9DFC-8849BC80CF89}.Debug|Any CPU.ActiveCfg = Debug|Any CPU
		{EEB37408-A7B3-4A03-9DFC-8849BC80CF89}.Debug|Any CPU.Build.0 = Debug|Any CPU
		{EEB37408-A7B3-4A03-9DFC-8849BC80CF89}.Release|Any CPU.ActiveCfg = Release|Any CPU
		{EEB37408-A7B3-4A03-9DFC-8849BC80CF89}.Release|Any CPU.Build.0 = Release|Any CPU
	EndGlobalSection
	GlobalSection(SolutionProperties) = preSolution
		HideSolutionNode = FALSE
	EndGlobalSection
	GlobalSection(ExtensibilityGlobals) = postSolution
		SolutionGuid = {F9E872BA-2CCC-451E-B2BA-E4A4F4C3F8AC}
	EndGlobalSection
EndGlobal
